PODS:
  - AFNetworking (4.0.1):
    - AFNetworking/NSURLSession (= 4.0.1)
    - AFNetworking/Reachability (= 4.0.1)
    - AFNetworking/Security (= 4.0.1)
    - AFNetworking/Serialization (= 4.0.1)
    - AFNetworking/UIKit (= 4.0.1)
  - AFNetworking/NSURLSession (4.0.1):
    - AFNetworking/Reachability
    - AFNetworking/Security
    - AFNetworking/Serialization
  - AFNetworking/Reachability (4.0.1)
  - AFNetworking/Security (4.0.1)
  - AFNetworking/Serialization (4.0.1)
  - AFNetworking/UIKit (4.0.1):
    - AFNetworking/NSURLSession
  - MMKV (1.2.7):
    - MMKVCore (~> 1.2.7)
  - MMKVCore (1.2.7)
  - ReactiveObjC (3.1.1)
  - Realm (10.7.2):
    - Realm/Headers (= 10.7.2)
  - Realm/Headers (10.7.2)
  - UICKeyChainStore (2.2.1)
  - VinBaseComponents (0.2.6):
    - VinBaseComponents/BlockViewKit (= 0.2.6)
    - VinBaseComponents/CocoaExtentions (= 0.2.6)
    - VinBaseComponents/Components (= 0.2.6)
    - VinBaseComponents/CycleViewKit (= 0.2.6)
    - VinBaseComponents/NetWorking (= 0.2.6)
    - VinBaseComponents/RACExtentions (= 0.2.6)
    - VinBaseComponents/StorageLib (= 0.2.6)
  - VinBaseComponents/BlockViewKit (0.2.6):
    - VinBaseComponents/CocoaExtentions
    - VinBaseComponents/RACExtentions
  - VinBaseComponents/CocoaExtentions (0.2.6):
    - VinBaseComponents/CocoaExtentions/Foundation (= 0.2.6)
    - VinBaseComponents/CocoaExtentions/UIKit (= 0.2.6)
  - VinBaseComponents/CocoaExtentions/Foundation (0.2.6)
  - VinBaseComponents/CocoaExtentions/UIKit (0.2.6):
    - VinBaseComponents/CocoaExtentions/Foundation
  - VinBaseComponents/Components (0.2.6)
  - VinBaseComponents/CycleViewKit (0.2.6):
    - VinBaseComponents/RACExtentions
  - VinBaseComponents/NetWorking (0.2.6):
    - VinBaseComponents/NetWorking/Base (= 0.2.6)
    - VinBaseComponents/NetWorking/Cache (= 0.2.6)
    - VinBaseComponents/NetWorking/TaskInfo (= 0.2.6)
  - VinBaseComponents/NetWorking/Base (0.2.6):
    - AFNetworking
    - VinBaseComponents/NetWorking/Cache
    - VinBaseComponents/NetWorking/TaskInfo
    - VinBaseComponents/RACExtentions
  - VinBaseComponents/NetWorking/Cache (0.2.6):
    - YYCache
  - VinBaseComponents/NetWorking/TaskInfo (0.2.6)
  - VinBaseComponents/RACExtentions (0.2.6):
    - ReactiveObjC
  - VinBaseComponents/StorageLib (0.2.6):
    - VinBaseComponents/StorageLib/MapKeyValueTool (= 0.2.6)
    - VinBaseComponents/StorageLib/RealmStore (= 0.2.6)
  - VinBaseComponents/StorageLib/MapKeyValueTool (0.2.6):
    - MMKV
    - UICKeyChainStore
  - VinBaseComponents/StorageLib/RealmStore (0.2.6):
    - Realm
  - YYCache (1.0.4)

DEPENDENCIES:
  - VinBaseComponents (from `../`)

SPEC REPOS:
  trunk:
    - AFNetworking
    - MMKV
    - MMKVCore
    - ReactiveObjC
    - Realm
    - UICKeyChainStore
    - YYCache

EXTERNAL SOURCES:
  VinBaseComponents:
    :path: "../"

SPEC CHECKSUMS:
  AFNetworking: 7864c38297c79aaca1500c33288e429c3451fdce
  MMKV: 22e5136f7d00197bc0fc9694b7f71519f0d1ca12
  MMKVCore: 607b7b05f2c2140056b5d338e45f2c14bf3f4232
  ReactiveObjC: 011caa393aa0383245f2dcf9bf02e86b80b36040
  Realm: e523da9ade306c5ae87e85dc09fdef148d3e1cc1
  UICKeyChainStore: ba3bff2c762b12db1e516f395c837dd25298b05e
  VinBaseComponents: 4dfe0ab4efe27079c753036e5410e6ba28e4f879
  YYCache: 8105b6638f5e849296c71f331ff83891a4942952

PODFILE CHECKSUM: ff1a9c6a20a48c2c8c68ef4ed2edf2dccaa90bc8

COCOAPODS: 1.10.2
